
Microsoft Visual Studio Solution File, Format Version 12.00
# Visual Studio Version 16
VisualStudioVersion = 16.0.29709.97
MinimumVisualStudioVersion = 10.0.40219.1
Project("{FAE04EC0-301F-11D3-BF4B-00C04F79EFBC}") = "AzureServiceBusPublisher", "AzureServiceBusPublisher\AzureServiceBusPublisher.csproj", "{B1336C53-A9D9-41C8-AFA5-D1FDCED4917E}"
EndProject
Global
	GlobalSection(SolutionConfigurationPlatforms) = preSolution
		Debug|Any CPU = Debug|Any CPU
		Release|Any CPU = Release|Any CPU
	EndGlobalSection
	GlobalSection(ProjectConfigurationPlatforms) = postSolution
		{B1336C53-A9D9-41C8-AFA5-D1FDCED4917E}.Debug|Any CPU.ActiveCfg = Debug|Any CPU
		{B1336C53-A9D9-41C8-AFA5-D1FDCED4917E}.Debug|Any CPU.Build.0 = Debug|Any CPU
		{B1336C53-A9D9-41C8-AFA5-D1FDCED4917E}.Release|Any CPU.ActiveCfg = Release|Any CPU
		{B1336C53-A9D9-41C8-AFA5-D1FDCED4917E}.Release|Any CPU.Build.0 = Release|Any CPU
	EndGlobalSection
	GlobalSection(SolutionProperties) = preSolution
		HideSolutionNode = FALSE
	EndGlobalSection
	GlobalSection(ExtensibilityGlobals) = postSolution
		SolutionGuid = {7D301C86-FB31-4DB1-A644-EB11EDACB188}
	EndGlobalSection
EndGlobal
